
Microsoft Visual Studio Solution File, Format Version 12.00
# Visual Studio Version 17
VisualStudioVersion = 17.13.36105.23 d17.13
MinimumVisualStudioVersion = 10.0.40219.1
Project("{FAE04EC0-301F-11D3-BF4B-00C04F79EFBC}") = "SApiTarea", "SApiTarea\SApiTarea.csproj", "{73521992-8CBA-4878-B0C0-98125B59BAC6}"
EndProject
Global
	GlobalSection(SolutionConfigurationPlatforms) = preSolution
		Debug|Any CPU = Debug|Any CPU
		Release|Any CPU = Release|Any CPU
	EndGlobalSection
	GlobalSection(ProjectConfigurationPlatforms) = postSolution
		{73521992-8CBA-4878-B0C0-98125B59BAC6}.Debug|Any CPU.ActiveCfg = Debug|Any CPU
		{73521992-8CBA-4878-B0C0-98125B59BAC6}.Debug|Any CPU.Build.0 = Debug|Any CPU
		{73521992-8CBA-4878-B0C0-98125B59BAC6}.Release|Any CPU.ActiveCfg = Release|Any CPU
		{73521992-8CBA-4878-B0C0-98125B59BAC6}.Release|Any CPU.Build.0 = Release|Any CPU
	EndGlobalSection
	GlobalSection(SolutionProperties) = preSolution
		HideSolutionNode = FALSE
	EndGlobalSection
	GlobalSection(ExtensibilityGlobals) = postSolution
		SolutionGuid = {7470C889-F87D-4B7D-A062-BFB0C52358B3}
	EndGlobalSection
EndGlobal
